
Microsoft Visual Studio Solution File, Format Version 12.00
# Visual Studio 14
VisualStudioVersion = 14.0.23107.0
MinimumVisualStudioVersion = 10.0.40219.1
Project("{FAE04EC0-301F-11D3-BF4B-00C04F79EFBC}") = "MySqlDemo", "MySqlDemo\MySqlDemo.csproj", "{91BEDDAA-A114-4534-BB57-DE7E510D1C8F}"
EndProject
Project("{FAE04EC0-301F-11D3-BF4B-00C04F79EFBC}") = "demo02", "demo02\demo02.csproj", "{6ACBD39A-FBF1-4737-BC6B-4DC4448B65DD}"
EndProject
Project("{FAE04EC0-301F-11D3-BF4B-00C04F79EFBC}") = "MappingBuilder", "MappingBuilder\MappingBuilder.csproj", "{9C06477C-10BB-4F37-96B4-1AC7C4BA3CFE}"
EndProject
Global
	GlobalSection(SolutionConfigurationPlatforms) = preSolution
		Debug|Any CPU = Debug|Any CPU
		Release|Any CPU = Release|Any CPU
	EndGlobalSection
	GlobalSection(ProjectConfigurationPlatforms) = postSolution
		{91BEDDAA-A114-4534-BB57-DE7E510D1C8F}.Debug|Any CPU.ActiveCfg = Debug|Any CPU
		{91BEDDAA-A114-4534-BB57-DE7E510D1C8F}.Debug|Any CPU.Build.0 = Debug|Any CPU
		{91BEDDAA-A114-4534-BB57-DE7E510D1C8F}.Release|Any CPU.ActiveCfg = Release|Any CPU
		{91BEDDAA-A114-4534-BB57-DE7E510D1C8F}.Release|Any CPU.Build.0 = Release|Any CPU
		{6ACBD39A-FBF1-4737-BC6B-4DC4448B65DD}.Debug|Any CPU.ActiveCfg = Debug|Any CPU
		{6ACBD39A-FBF1-4737-BC6B-4DC4448B65DD}.Debug|Any CPU.Build.0 = Debug|Any CPU
		{6ACBD39A-FBF1-4737-BC6B-4DC4448B65DD}.Release|Any CPU.ActiveCfg = Release|Any CPU
		{6ACBD39A-FBF1-4737-BC6B-4DC4448B65DD}.Release|Any CPU.Build.0 = Release|Any CPU
		{9C06477C-10BB-4F37-96B4-1AC7C4BA3CFE}.Debug|Any CPU.ActiveCfg = Debug|Any CPU
		{9C06477C-10BB-4F37-96B4-1AC7C4BA3CFE}.Debug|Any CPU.Build.0 = Debug|Any CPU
		{9C06477C-10BB-4F37-96B4-1AC7C4BA3CFE}.Release|Any CPU.ActiveCfg = Release|Any CPU
		{9C06477C-10BB-4F37-96B4-1AC7C4BA3CFE}.Release|Any CPU.Build.0 = Release|Any CPU
	EndGlobalSection
	GlobalSection(SolutionProperties) = preSolution
		HideSolutionNode = FALSE
	EndGlobalSection
EndGlobal
